// !$*UTF8*$!
{
	archiveVersion = 1;
	classes = {
	};
	objectVersion = 55;
	objects = {

/* Begin PBXBuildFile section */
		50B29AA3286590DF007906FE /* AppDelegate.swift in Sources */ = {isa = PBXBuildFile; fileRef = 50B29AA2286590DF007906FE /* AppDelegate.swift */; };
		50B29AA5286590DF007906FE /* SceneDelegate.swift in Sources */ = {isa = PBXBuildFile; fileRef = 50B29AA4286590DF007906FE /* SceneDelegate.swift */; };
		50B29AA7286590DF007906FE /* ViewController.swift in Sources */ = {isa = PBXBuildFile; fileRef = 50B29AA6286590DF007906FE /* ViewController.swift */; };
		50B29AAA286590DF007906FE /* Main.storyboard in Resources */ = {isa = PBXBuildFile; fileRef = 50B29AA8286590DF007906FE /* Main.storyboard */; };
		50B29AAC286590E0007906FE /* Assets.xcassets in Resources */ = {isa = PBXBuildFile; fileRef = 50B29AAB286590E0007906FE /* Assets.xcassets */; };
		50B29AAF286590E0007906FE /* LaunchScreen.storyboard in Resources */ = {isa = PBXBuildFile; fileRef = 50B29AAD286590E0007906FE /* LaunchScreen.storyboard */; };
		50B29ABA286590E0007906FE /* Test_AssignmentTests.swift in Sources */ = {isa = PBXBuildFile; fileRef = 50B29AB9286590E0007906FE /* Test_AssignmentTests.swift */; };
		50B29AC4286590E0007906FE /* Test_AssignmentUITests.swift in Sources */ = {isa = PBXBuildFile; fileRef = 50B29AC3286590E0007906FE /* Test_AssignmentUITests.swift */; };
		50B29AC6286590E0007906FE /* Test_AssignmentUITestsLaunchTests.swift in Sources */ = {isa = PBXBuildFile; fileRef = 50B29AC5286590E0007906FE /* Test_AssignmentUITestsLaunchTests.swift */; };
/* End PBXBuildFile section */

/* Begin PBXContainerItemProxy section */
		50B29AB6286590E0007906FE /* PBXContainerItemProxy */ = {
			isa = PBXContainerItemProxy;
			containerPortal = 50B29A97286590DF007906FE /* Project object */;
			proxyType = 1;
			remoteGlobalIDString = 50B29A9E286590DF007906FE;
			remoteInfo = "Test Assignment";
		};
		50B29AC0286590E0007906FE /* PBXContainerItemProxy */ = {
			isa = PBXContainerItemProxy;
			containerPortal = 50B29A97286590DF007906FE /* Project object */;
			proxyType = 1;
			remoteGlobalIDString = 50B29A9E286590DF007906FE;
			remoteInfo = "Test Assignment";
		};
/* End PBXContainerItemProxy section */

/* Begin PBXFileReference section */
		50B29A9F286590DF007906FE /* Test Assignment.app */ = {isa = PBXFileReference; explicitFileType = wrapper.application; includeInIndex = 0; path = "Test Assignment.app"; sourceTree = BUILT_PRODUCTS_DIR; };
		50B29AA2286590DF007906FE /* AppDelegate.swift */ = {isa = PBXFileReference; lastKnownFileType = sourcecode.swift; path = AppDelegate.swift; sourceTree = "<group>"; };
		50B29AA4286590DF007906FE /* SceneDelegate.swift */ = {isa = PBXFileReference; lastKnownFileType = sourcecode.swift; path = SceneDelegate.swift; sourceTree = "<group>"; };
		50B29AA6286590DF007906FE /* ViewController.swift */ = {isa = PBXFileReference; lastKnownFileType = sourcecode.swift; path = ViewController.swift; sourceTree = "<group>"; };
		50B29AA9286590DF007906FE /* Base */ = {isa = PBXFileReference; lastKnownFileType = file.storyboard; name = Base; path = Base.lproj/Main.storyboard; sourceTree = "<group>"; };
		50B29AAB286590E0007906FE /* Assets.xcassets */ = {isa = PBXFileReference; lastKnownFileType = folder.assetcatalog; path = Assets.xcassets; sourceTree = "<group>"; };
		50B29AAE286590E0007906FE /* Base */ = {isa = PBXFileReference; lastKnownFileType = file.storyboard; name = Base; path = Base.lproj/LaunchScreen.storyboard; sourceTree = "<group>"; };
		50B29AB0286590E0007906FE /* Info.plist */ = {isa = PBXFileReference; lastKnownFileType = text.plist.xml; path = Info.plist; sourceTree = "<group>"; };
		50B29AB5286590E0007906FE /* Test AssignmentTests.xctest */ = {isa = PBXFileReference; explicitFileType = wrapper.cfbundle; includeInIndex = 0; path = "Test AssignmentTests.xctest"; sourceTree = BUILT_PRODUCTS_DIR; };
		50B29AB9286590E0007906FE /* Test_AssignmentTests.swift */ = {isa = PBXFileReference; lastKnownFileType = sourcecode.swift; path = Test_AssignmentTests.swift; sourceTree = "<group>"; };
		50B29ABF286590E0007906FE /* Test AssignmentUITests.xctest */ = {isa = PBXFileReference; explicitFileType = wrapper.cfbundle; includeInIndex = 0; path = "Test AssignmentUITests.xctest"; sourceTree = BUILT_PRODUCTS_DIR; };
		50B29AC3286590E0007906FE /* Test_AssignmentUITests.swift */ = {isa = PBXFileReference; lastKnownFileType = sourcecode.swift; path = Test_AssignmentUITests.swift; sourceTree = "<group>"; };
		50B29AC5286590E0007906FE /* Test_AssignmentUITestsLaunchTests.swift */ = {isa = PBXFileReference; lastKnownFileType = sourcecode.swift; path = Test_AssignmentUITestsLaunchTests.swift; sourceTree = "<group>"; };
/* End PBXFileReference section */

/* Begin PBXFrameworksBuildPhase section */
		50B29A9C286590DF007906FE /* Frameworks */ = {
			isa = PBXFrameworksBuildPhase;
			buildActionMask = 2147483647;
			files = (
			);
			runOnlyForDeploymentPostprocessing = 0;
		};
		50B29AB2286590E0007906FE /* Frameworks */ = {
			isa = PBXFrameworksBuildPhase;
			buildActionMask = 2147483647;
			files = (
			);
			runOnlyForDeploymentPostprocessing = 0;
		};
		50B29ABC286590E0007906FE /* Frameworks */ = {
			isa = PBXFrameworksBuildPhase;
			buildActionMask = 2147483647;
			files = (
			);
			runOnlyForDeploymentPostprocessing = 0;
		};
/* End PBXFrameworksBuildPhase section */

/* Begin PBXGroup section */
		50B29A96286590DF007906FE = {
			isa = PBXGroup;
			children = (
				50B29AA1286590DF007906FE /* Test Assignment */,
				50B29AB8286590E0007906FE /* Test AssignmentTests */,
				50B29AC2286590E0007906FE /* Test AssignmentUITests */,
				50B29AA0286590DF007906FE /* Products */,
			);
			sourceTree = "<group>";
		};
		50B29AA0286590DF007906FE /* Products */ = {
			isa = PBXGroup;
			children = (
				50B29A9F286590DF007906FE /* Test Assignment.app */,
				50B29AB5286590E0007906FE /* Test AssignmentTests.xctest */,
				50B29ABF286590E0007906FE /* Test AssignmentUITests.xctest */,
			);
			name = Products;
			sourceTree = "<group>";
		};
		50B29AA1286590DF007906FE /* Test Assignment */ = {
			isa = PBXGroup;
			children = (
				50B29AA2286590DF007906FE /* AppDelegate.swift */,
				50B29AA4286590DF007906FE /* SceneDelegate.swift */,
				50B29AA6286590DF007906FE /* ViewController.swift */,
				50B29AA8286590DF007906FE /* Main.storyboard */,
				50B29AAB286590E0007906FE /* Assets.xcassets */,
				50B29AAD286590E0007906FE /* LaunchScreen.storyboard */,
				50B29AB0286590E0007906FE /* Info.plist */,
			);
			path = "Test Assignment";
			sourceTree = "<group>";
		};
		50B29AB8286590E0007906FE /* Test AssignmentTests */ = {
			isa = PBXGroup;
			children = (
				50B29AB9286590E0007906FE /* Test_AssignmentTests.swift */,
			);
			path = "Test AssignmentTests";
			sourceTree = "<group>";
		};
		50B29AC2286590E0007906FE /* Test AssignmentUITests */ = {
			isa = PBXGroup;
			children = (
				50B29AC3286590E0007906FE /* Test_AssignmentUITests.swift */,
				50B29AC5286590E0007906FE /* Test_AssignmentUITestsLaunchTests.swift */,
			);
			path = "Test AssignmentUITests";
			sourceTree = "<group>";
		};
/* End PBXGroup section */

/* Begin PBXNativeTarget section */
		50B29A9E286590DF007906FE /* Test Assignment */ = {
			isa = PBXNativeTarget;
			buildConfigurationList = 50B29AC9286590E0007906FE /* Build configuration list for PBXNativeTarget "Test Assignment" */;
			buildPhases = (
				50B29A9B286590DF007906FE /* Sources */,
				50B29A9C286590DF007906FE /* Frameworks */,
				50B29A9D286590DF007906FE /* Resources */,
			);
			buildRules = (
			);
			dependencies = (
			);
			name = "Test Assignment";
			productName = "Test Assignment";
			productReference = 50B29A9F286590DF007906FE /* Test Assignment.app */;
			productType = "com.apple.product-type.application";
		};
		50B29AB4286590E0007906FE /* Test AssignmentTests */ = {
			isa = PBXNativeTarget;
			buildConfigurationList = 50B29ACC286590E0007906FE /* Build configuration list for PBXNativeTarget "Test AssignmentTests" */;
			buildPhases = (
				50B29AB1286590E0007906FE /* Sources */,
				50B29AB2286590E0007906FE /* Frameworks */,
				50B29AB3286590E0007906FE /* Resources */,
			);
			buildRules = (
			);
			dependencies = (
				50B29AB7286590E0007906FE /* PBXTargetDependency */,
			);
			name = "Test AssignmentTests";
			productName = "Test AssignmentTests";
			productReference = 50B29AB5286590E0007906FE /* Test AssignmentTests.xctest */;
			productType = "com.apple.product-type.bundle.unit-test";
		};
		50B29ABE286590E0007906FE /* Test AssignmentUITests */ = {
			isa = PBXNativeTarget;
			buildConfigurationList = 50B29ACF286590E0007906FE /* Build configuration list for PBXNativeTarget "Test AssignmentUITests" */;
			buildPhases = (
				50B29ABB286590E0007906FE /* Sources */,
				50B29ABC286590E0007906FE /* Frameworks */,
				50B29ABD286590E0007906FE /* Resources */,
			);
			buildRules = (
			);
			dependencies = (
				50B29AC1286590E0007906FE /* PBXTargetDependency */,
			);
			name = "Test AssignmentUITests";
			productName = "Test AssignmentUITests";
			productReference = 50B29ABF286590E0007906FE /* Test AssignmentUITests.xctest */;
			productType = "com.apple.product-type.bundle.ui-testing";
		};
/* End PBXNativeTarget section */

/* Begin PBXProject section */
		50B29A97286590DF007906FE /* Project object */ = {
			isa = PBXProject;
			attributes = {
				BuildIndependentTargetsInParallel = 1;
				LastSwiftUpdateCheck = 1340;
				LastUpgradeCheck = 1340;
				TargetAttributes = {
					50B29A9E286590DF007906FE = {
						CreatedOnToolsVersion = 13.4.1;
					};
					50B29AB4286590E0007906FE = {
						CreatedOnToolsVersion = 13.4.1;
						TestTargetID = 50B29A9E286590DF007906FE;
					};
					50B29ABE286590E0007906FE = {
						CreatedOnToolsVersion = 13.4.1;
						TestTargetID = 50B29A9E286590DF007906FE;
					};
				};
			};
			buildConfigurationList = 50B29A9A286590DF007906FE /* Build configuration list for PBXProject "Test Assignment" */;
			compatibilityVersion = "Xcode 13.0";
			developmentRegion = en;
			hasScannedForEncodings = 0;
			knownRegions = (
				en,
				Base,
			);
			mainGroup = 50B29A96286590DF007906FE;
			productRefGroup = 50B29AA0286590DF007906FE /* Products */;
			projectDirPath = "";
			projectRoot = "";
			targets = (
				50B29A9E286590DF007906FE /* Test Assignment */,
				50B29AB4286590E0007906FE /* Test AssignmentTests */,
				50B29ABE286590E0007906FE /* Test AssignmentUITests */,
			);
		};
/* End PBXProject section */

/* Begin PBXResourcesBuildPhase section */
		50B29A9D286590DF007906FE /* Resources */ = {
			isa = PBXResourcesBuildPhase;
			buildActionMask = 2147483647;
			files = (
				50B29AAF286590E0007906FE /* LaunchScreen.storyboard in Resources */,
				50B29AAC286590E0007906FE /* Assets.xcassets in Resources */,
				50B29AAA286590DF007906FE /* Main.storyboard in Resources */,
			);
			runOnlyForDeploymentPostprocessing = 0;
		};
		50B29AB3286590E0007906FE /* Resources */ = {
			isa = PBXResourcesBuildPhase;
			buildActionMask = 2147483647;
			files = (
			);
			runOnlyForDeploymentPostprocessing = 0;
		};
		50B29ABD286590E0007906FE /* Resources */ = {
			isa = PBXResourcesBuildPhase;
			buildActionMask = 2147483647;
			files = (
			);
			runOnlyForDeploymentPostprocessing = 0;
		};
/* End PBXResourcesBuildPhase section */

/* Begin PBXSourcesBuildPhase section */
		50B29A9B286590DF007906FE /* Sources */ = {
			isa = PBXSourcesBuildPhase;
			buildActionMask = 2147483647;
			files = (
				50B29AA7286590DF007906FE /* ViewController.swift in Sources */,
				50B29AA3286590DF007906FE /* AppDelegate.swift in Sources */,
				50B29AA5286590DF007906FE /* SceneDelegate.swift in Sources */,
			);
			runOnlyForDeploymentPostprocessing = 0;
		};
		50B29AB1286590E0007906FE /* Sources */ = {
			isa = PBXSourcesBuildPhase;
			buildActionMask = 2147483647;
			files = (
				50B29ABA286590E0007906FE /* Test_AssignmentTests.swift in Sources */,
			);
			runOnlyForDeploymentPostprocessing = 0;
		};
		50B29ABB286590E0007906FE /* Sources */ = {
			isa = PBXSourcesBuildPhase;
			buildActionMask = 2147483647;
			files = (
				50B29AC4286590E0007906FE /* Test_AssignmentUITests.swift in Sources */,
				50B29AC6286590E0007906FE /* Test_AssignmentUITestsLaunchTests.swift in Sources */,
			);
			runOnlyForDeploymentPostprocessing = 0;
		};
/* End PBXSourcesBuildPhase section */

/* Begin PBXTargetDependency section */
		50B29AB7286590E0007906FE /* PBXTargetDependency */ = {
			isa = PBXTargetDependency;
			target = 50B29A9E286590DF007906FE /* Test Assignment */;
			targetProxy = 50B29AB6286590E0007906FE /* PBXContainerItemProxy */;
		};
		50B29AC1286590E0007906FE /* PBXTargetDependency */ = {
			isa = PBXTargetDependency;
			target = 50B29A9E286590DF007906FE /* Test Assignment */;
			targetProxy = 50B29AC0286590E0007906FE /* PBXContainerItemProxy */;
		};
/* End PBXTargetDependency section */

/* Begin PBXVariantGroup section */
		50B29AA8286590DF007906FE /* Main.storyboard */ = {
			isa = PBXVariantGroup;
			children = (
				50B29AA9286590DF007906FE /* Base */,
			);
			name = Main.storyboard;
			sourceTree = "<group>";
		};
		50B29AAD286590E0007906FE /* LaunchScreen.storyboard */ = {
			isa = PBXVariantGroup;
			children = (
				50B29AAE286590E0007906FE /* Base */,
			);
			name = LaunchScreen.storyboard;
			sourceTree = "<group>";
		};
/* End PBXVariantGroup section */

/* Begin XCBuildConfiguration section */
		50B29AC7286590E0007906FE /* Debug */ = {
			isa = XCBuildConfiguration;
			buildSettings = {
				ALWAYS_SEARCH_USER_PATHS = NO;
				CLANG_ANALYZER_NONNULL = YES;
				CLANG_ANALYZER_NUMBER_OBJECT_CONVERSION = YES_AGGRESSIVE;
				CLANG_CXX_LANGUAGE_STANDARD = "gnu++17";
				CLANG_ENABLE_MODULES = YES;
				CLANG_ENABLE_OBJC_ARC = YES;
				CLANG_ENABLE_OBJC_WEAK = YES;
				CLANG_WARN_BLOCK_CAPTURE_AUTORELEASING = YES;
				CLANG_WARN_BOOL_CONVERSION = YES;
				CLANG_WARN_COMMA = YES;
				CLANG_WARN_CONSTANT_CONVERSION = YES;
				CLANG_WARN_DEPRECATED_OBJC_IMPLEMENTATIONS = YES;
				CLANG_WARN_DIRECT_OBJC_ISA_USAGE = YES_ERROR;
				CLANG_WARN_DOCUMENTATION_COMMENTS = YES;
				CLANG_WARN_EMPTY_BODY = YES;
				CLANG_WARN_ENUM_CONVERSION = YES;
				CLANG_WARN_INFINITE_RECURSION = YES;
				CLANG_WARN_INT_CONVERSION = YES;
				CLANG_WARN_NON_LITERAL_NULL_CONVERSION = YES;
				CLANG_WARN_OBJC_IMPLICIT_RETAIN_SELF = YES;
				CLANG_WARN_OBJC_LITERAL_CONVERSION = YES;
				CLANG_WARN_OBJC_ROOT_CLASS = YES_ERROR;
				CLANG_WARN_QUOTED_INCLUDE_IN_FRAMEWORK_HEADER = YES;
				CLANG_WARN_RANGE_LOOP_ANALYSIS = YES;
				CLANG_WARN_STRICT_PROTOTYPES = YES;
				CLANG_WARN_SUSPICIOUS_MOVE = YES;
				CLANG_WARN_UNGUARDED_AVAILABILITY = YES_AGGRESSIVE;
				CLANG_WARN_UNREACHABLE_CODE = YES;
				CLANG_WARN__DUPLICATE_METHOD_MATCH = YES;
				COPY_PHASE_STRIP = NO;
				DEBUG_INFORMATION_FORMAT = dwarf;
				ENABLE_STRICT_OBJC_MSGSEND = YES;
				ENABLE_TESTABILITY = YES;
				GCC_C_LANGUAGE_STANDARD = gnu11;
				GCC_DYNAMIC_NO_PIC = NO;
				GCC_NO_COMMON_BLOCKS = YES;
				GCC_OPTIMIZATION_LEVEL = 0;
				GCC_PREPROCESSOR_DEFINITIONS = (
					"DEBUG=1",
					"$(inherited)",
				);
				GCC_WARN_64_TO_32_BIT_CONVERSION = YES;
				GCC_WARN_ABOUT_RETURN_TYPE = YES_ERROR;
				GCC_WARN_UNDECLARED_SELECTOR = YES;
				GCC_WARN_UNINITIALIZED_AUTOS = YES_AGGRESSIVE;
				GCC_WARN_UNUSED_FUNCTION = YES;
				GCC_WARN_UNUSED_VARIABLE = YES;
				IPHONEOS_DEPLOYMENT_TARGET = 15.5;
				MTL_ENABLE_DEBUG_INFO = INCLUDE_SOURCE;
				MTL_FAST_MATH = YES;
				ONLY_ACTIVE_ARCH = YES;
				SDKROOT = iphoneos;
				SWIFT_ACTIVE_COMPILATION_CONDITIONS = DEBUG;
				SWIFT_OPTIMIZATION_LEVEL = "-Onone";
			};
			name = Debug;
		};
		50B29AC8286590E0007906FE /* Release */ = {
			isa = XCBuildConfiguration;
			buildSettings = {
				ALWAYS_SEARCH_USER_PATHS = NO;
				CLANG_ANALYZER_NONNULL = YES;
				CLANG_ANALYZER_NUMBER_OBJECT_CONVERSION = YES_AGGRESSIVE;
				CLANG_CXX_LANGUAGE_STANDARD = "gnu++17";
				CLANG_ENABLE_MODULES = YES;
				CLANG_ENABLE_OBJC_ARC = YES;
				CLANG_ENABLE_OBJC_WEAK = YES;
				CLANG_WARN_BLOCK_CAPTURE_AUTORELEASING = YES;
				CLANG_WARN_BOOL_CONVERSION = YES;
				CLANG_WARN_COMMA = YES;
				CLANG_WARN_CONSTANT_CONVERSION = YES;
				CLANG_WARN_DEPRECATED_OBJC_IMPLEMENTATIONS = YES;
				CLANG_WARN_DIRECT_OBJC_ISA_USAGE = YES_ERROR;
				CLANG_WARN_DOCUMENTATION_COMMENTS = YES;
				CLANG_WARN_EMPTY_BODY = YES;
				CLANG_WARN_ENUM_CONVERSION = YES;
				CLANG_WARN_INFINITE_RECURSION = YES;
				CLANG_WARN_INT_CONVERSION = YES;
				CLANG_WARN_NON_LITERAL_NULL_CONVERSION = YES;
				CLANG_WARN_OBJC_IMPLICIT_RETAIN_SELF = YES;
				CLANG_WARN_OBJC_LITERAL_CONVERSION = YES;
				CLANG_WARN_OBJC_ROOT_CLASS = YES_ERROR;
				CLANG_WARN_QUOTED_INCLUDE_IN_FRAMEWORK_HEADER = YES;
				CLANG_WARN_RANGE_LOOP_ANALYSIS = YES;
				CLANG_WARN_STRICT_PROTOTYPES = YES;
				CLANG_WARN_SUSPICIOUS_MOVE = YES;
				CLANG_WARN_UNGUARDED_AVAILABILITY = YES_AGGRESSIVE;
				CLANG_WARN_UNREACHABLE_CODE = YES;
				CLANG_WARN__DUPLICATE_METHOD_MATCH = YES;
				COPY_PHASE_STRIP = NO;
				DEBUG_INFORMATION_FORMAT = "dwarf-with-dsym";
				ENABLE_NS_ASSERTIONS = NO;
				ENABLE_STRICT_OBJC_MSGSEND = YES;
				GCC_C_LANGUAGE_STANDARD = gnu11;
				GCC_NO_COMMON_BLOCKS = YES;
				GCC_WARN_64_TO_32_BIT_CONVERSION = YES;
				GCC_WARN_ABOUT_RETURN_TYPE = YES_ERROR;
				GCC_WARN_UNDECLARED_SELECTOR = YES;
				GCC_WARN_UNINITIALIZED_AUTOS = YES_AGGRESSIVE;
				GCC_WARN_UNUSED_FUNCTION = YES;
				GCC_WARN_UNUSED_VARIABLE = YES;
				IPHONEOS_DEPLOYMENT_TARGET = 15.5;
				MTL_ENABLE_DEBUG_INFO = NO;
				MTL_FAST_MATH = YES;
				SDKROOT = iphoneos;
				SWIFT_COMPILATION_MODE = wholemodule;
				SWIFT_OPTIMIZATION_LEVEL = "-O";
				VALIDATE_PRODUCT = YES;
			};
			name = Release;
		};
		50B29ACA286590E0007906FE /* Debug */ = {
			isa = XCBuildConfiguration;
			buildSettings = {
				ASSETCATALOG_COMPILER_APPICON_NAME = AppIcon;
				ASSETCATALOG_COMPILER_GLOBAL_ACCENT_COLOR_NAME = AccentColor;
				CODE_SIGN_STYLE = Automatic;
				CURRENT_PROJECT_VERSION = 1;
				GENERATE_INFOPLIST_FILE = YES;
				INFOPLIST_FILE = "Test Assignment/Info.plist";
				INFOPLIST_KEY_UIApplicationSupportsIndirectInputEvents = YES;
				INFOPLIST_KEY_UILaunchStoryboardName = LaunchScreen;
				INFOPLIST_KEY_UIMainStoryboardFile = Main;
				INFOPLIST_KEY_UISupportedInterfaceOrientations_iPad = "UIInterfaceOrientationPortrait UIInterfaceOrientationPortraitUpsideDown UIInterfaceOrientationLandscapeLeft UIInterfaceOrientationLandscapeRight";
				INFOPLIST_KEY_UISupportedInterfaceOrientations_iPhone = "UIInterfaceOrientationPortrait UIInterfaceOrientationLandscapeLeft UIInterfaceOrientationLandscapeRight";
				LD_RUNPATH_SEARCH_PATHS = (
					"$(inherited)",
					"@executable_path/Frameworks",
				);
				MARKETING_VERSION = 1.0;
				PRODUCT_BUNDLE_IDENTIFIER = "aaserdah.com.github.Test-Assignment";
				PRODUCT_NAME = "$(TARGET_NAME)";
				SWIFT_EMIT_LOC_STRINGS = YES;
				SWIFT_VERSION = 5.0;
				TARGETED_DEVICE_FAMILY = "1,2";
			};
			name = Debug;
		};
		50B29ACB286590E0007906FE /* Release */ = {
			isa = XCBuildConfiguration;
			buildSettings = {
				ASSETCATALOG_COMPILER_APPICON_NAME = AppIcon;
				ASSETCATALOG_COMPILER_GLOBAL_ACCENT_COLOR_NAME = AccentColor;
				CODE_SIGN_STYLE = Automatic;
				CURRENT_PROJECT_VERSION = 1;
				GENERATE_INFOPLIST_FILE = YES;
				INFOPLIST_FILE = "Test Assignment/Info.plist";
				INFOPLIST_KEY_UIApplicationSupportsIndirectInputEvents = YES;
				INFOPLIST_KEY_UILaunchStoryboardName = LaunchScreen;
				INFOPLIST_KEY_UIMainStoryboardFile = Main;
				INFOPLIST_KEY_UISupportedInterfaceOrientations_iPad = "UIInterfaceOrientationPortrait UIInterfaceOrientationPortraitUpsideDown UIInterfaceOrientationLandscapeLeft UIInterfaceOrientationLandscapeRight";
				INFOPLIST_KEY_UISupportedInterfaceOrientations_iPhone = "UIInterfaceOrientationPortrait UIInterfaceOrientationLandscapeLeft UIInterfaceOrientationLandscapeRight";
				LD_RUNPATH_SEARCH_PATHS = (
					"$(inherited)",
					"@executable_path/Frameworks",
				);
				MARKETING_VERSION = 1.0;
				PRODUCT_BUNDLE_IDENTIFIER = "aaserdah.com.github.Test-Assignment";
				PRODUCT_NAME = "$(TARGET_NAME)";
				SWIFT_EMIT_LOC_STRINGS = YES;
				SWIFT_VERSION = 5.0;
				TARGETED_DEVICE_FAMILY = "1,2";
			};
			name = Release;
		};
		50B29ACD286590E0007906FE /* Debug */ = {
			isa = XCBuildConfiguration;
			buildSettings = {
				ALWAYS_EMBED_SWIFT_STANDARD_LIBRARIES = YES;
				BUNDLE_LOADER = "$(TEST_HOST)";
				CODE_SIGN_STYLE = Automatic;
				CURRENT_PROJECT_VERSION = 1;
				GENERATE_INFOPLIST_FILE = YES;
				IPHONEOS_DEPLOYMENT_TARGET = 15.5;
				MARKETING_VERSION = 1.0;
				PRODUCT_BUNDLE_IDENTIFIER = "aaserdah.com.github.Test-AssignmentTests";
				PRODUCT_NAME = "$(TARGET_NAME)";
				SWIFT_EMIT_LOC_STRINGS = NO;
				SWIFT_VERSION = 5.0;
				TARGETED_DEVICE_FAMILY = "1,2";
				TEST_HOST = "$(BUILT_PRODUCTS_DIR)/Test Assignment.app/Test Assignment";
			};
			name = Debug;
		};
		50B29ACE286590E0007906FE /* Release */ = {
			isa = XCBuildConfiguration;
			buildSettings = {
				ALWAYS_EMBED_SWIFT_STANDARD_LIBRARIES = YES;
				BUNDLE_LOADER = "$(TEST_HOST)";
				CODE_SIGN_STYLE = Automatic;
				CURRENT_PROJECT_VERSION = 1;
				GENERATE_INFOPLIST_FILE = YES;
				IPHONEOS_DEPLOYMENT_TARGET = 15.5;
				MARKETING_VERSION = 1.0;
				PRODUCT_BUNDLE_IDENTIFIER = "aaserdah.com.github.Test-AssignmentTests";
				PRODUCT_NAME = "$(TARGET_NAME)";
				SWIFT_EMIT_LOC_STRINGS = NO;
				SWIFT_VERSION = 5.0;
				TARGETED_DEVICE_FAMILY = "1,2";
				TEST_HOST = "$(BUILT_PRODUCTS_DIR)/Test Assignment.app/Test Assignment";
			};
			name = Release;
		};
		50B29AD0286590E0007906FE /* Debug */ = {
			isa = XCBuildConfiguration;
			buildSettings = {
				ALWAYS_EMBED_SWIFT_STANDARD_LIBRARIES = YES;
				CODE_SIGN_STYLE = Automatic;
				CURRENT_PROJECT_VERSION = 1;
				GENERATE_INFOPLIST_FILE = YES;
				MARKETING_VERSION = 1.0;
				PRODUCT_BUNDLE_IDENTIFIER = "aaserdah.com.github.Test-AssignmentUITests";
				PRODUCT_NAME = "$(TARGET_NAME)";
				SWIFT_EMIT_LOC_STRINGS = NO;
				SWIFT_VERSION = 5.0;
				TARGETED_DEVICE_FAMILY = "1,2";
				TEST_TARGET_NAME = "Test Assignment";
			};
			name = Debug;
		};
		50B29AD1286590E0007906FE /* Release */ = {
			isa = XCBuildConfiguration;
			buildSettings = {
				ALWAYS_EMBED_SWIFT_STANDARD_LIBRARIES = YES;
				CODE_SIGN_STYLE = Automatic;
				CURRENT_PROJECT_VERSION = 1;
				GENERATE_INFOPLIST_FILE = YES;
				MARKETING_VERSION = 1.0;
				PRODUCT_BUNDLE_IDENTIFIER = "aaserdah.com.github.Test-AssignmentUITests";
				PRODUCT_NAME = "$(TARGET_NAME)";
				SWIFT_EMIT_LOC_STRINGS = NO;
				SWIFT_VERSION = 5.0;
				TARGETED_DEVICE_FAMILY = "1,2";
				TEST_TARGET_NAME = "Test Assignment";
			};
			name = Release;
		};
/* End XCBuildConfiguration section */

/* Begin XCConfigurationList section */
		50B29A9A286590DF007906FE /* Build configuration list for PBXProject "Test Assignment" */ = {
			isa = XCConfigurationList;
			buildConfigurations = (
				50B29AC7286590E0007906FE /* Debug */,
				50B29AC8286590E0007906FE /* Release */,
			);
			defaultConfigurationIsVisible = 0;
			defaultConfigurationName = Release;
		};
		50B29AC9286590E0007906FE /* Build configuration list for PBXNativeTarget "Test Assignment" */ = {
			isa = XCConfigurationList;
			buildConfigurations = (
				50B29ACA286590E0007906FE /* Debug */,
				50B29ACB286590E0007906FE /* Release */,
			);
			defaultConfigurationIsVisible = 0;
			defaultConfigurationName = Release;
		};
		50B29ACC286590E0007906FE /* Build configuration list for PBXNativeTarget "Test AssignmentTests" */ = {
			isa = XCConfigurationList;
			buildConfigurations = (
				50B29ACD286590E0007906FE /* Debug */,
				50B29ACE286590E0007906FE /* Release */,
			);
			defaultConfigurationIsVisible = 0;
			defaultConfigurationName = Release;
		};
		50B29ACF286590E0007906FE /* Build configuration list for PBXNativeTarget "Test AssignmentUITests" */ = {
			isa = XCConfigurationList;
			buildConfigurations = (
				50B29AD0286590E0007906FE /* Debug */,
				50B29AD1286590E0007906FE /* Release */,
			);
			defaultConfigurationIsVisible = 0;
			defaultConfigurationName = Release;
		};
/* End XCConfigurationList section */
	};
	rootObject = 50B29A97286590DF007906FE /* Project object */;
}
